// !$*UTF8*$!
{
	archiveVersion = 1;
	classes = {
	};
	objectVersion = 56;
	objects = {

/* Begin PBXBuildFile section */
		10AB1B1B2C61933B000AAFD2 /* MeusExerciciosIOSApp.swift in Sources */ = {isa = PBXBuildFile; fileRef = 10AB1B1A2C61933B000AAFD2 /* MeusExerciciosIOSApp.swift */; };
		10AB1B1D2C61933B000AAFD2 /* ContentView.swift in Sources */ = {isa = PBXBuildFile; fileRef = 10AB1B1C2C61933B000AAFD2 /* ContentView.swift */; };
		10AB1B1F2C61933F000AAFD2 /* Assets.xcassets in Resources */ = {isa = PBXBuildFile; fileRef = 10AB1B1E2C61933F000AAFD2 /* Assets.xcassets */; };
		10AB1B222C61933F000AAFD2 /* Preview Assets.xcassets in Resources */ = {isa = PBXBuildFile; fileRef = 10AB1B212C61933F000AAFD2 /* Preview Assets.xcassets */; };
		10AB1B2C2C619340000AAFD2 /* MeusExerciciosIOSTests.swift in Sources */ = {isa = PBXBuildFile; fileRef = 10AB1B2B2C619340000AAFD2 /* MeusExerciciosIOSTests.swift */; };
		10AB1B362C619340000AAFD2 /* MeusExerciciosIOSUITests.swift in Sources */ = {isa = PBXBuildFile; fileRef = 10AB1B352C619340000AAFD2 /* MeusExerciciosIOSUITests.swift */; };
		10AB1B382C619340000AAFD2 /* MeusExerciciosIOSUITestsLaunchTests.swift in Sources */ = {isa = PBXBuildFile; fileRef = 10AB1B372C619340000AAFD2 /* MeusExerciciosIOSUITestsLaunchTests.swift */; };
/* End PBXBuildFile section */

/* Begin PBXContainerItemProxy section */
		10AB1B282C619340000AAFD2 /* PBXContainerItemProxy */ = {
			isa = PBXContainerItemProxy;
			containerPortal = 10AB1B0F2C61933B000AAFD2 /* Project object */;
			proxyType = 1;
			remoteGlobalIDString = 10AB1B162C61933B000AAFD2;
			remoteInfo = MeusExerciciosIOS;
		};
		10AB1B322C619340000AAFD2 /* PBXContainerItemProxy */ = {
			isa = PBXContainerItemProxy;
			containerPortal = 10AB1B0F2C61933B000AAFD2 /* Project object */;
			proxyType = 1;
			remoteGlobalIDString = 10AB1B162C61933B000AAFD2;
			remoteInfo = MeusExerciciosIOS;
		};
/* End PBXContainerItemProxy section */

/* Begin PBXFileReference section */
		10AB1B172C61933B000AAFD2 /* MeusExerciciosIOS.app */ = {isa = PBXFileReference; explicitFileType = wrapper.application; includeInIndex = 0; path = MeusExerciciosIOS.app; sourceTree = BUILT_PRODUCTS_DIR; };
		10AB1B1A2C61933B000AAFD2 /* MeusExerciciosIOSApp.swift */ = {isa = PBXFileReference; lastKnownFileType = sourcecode.swift; path = MeusExerciciosIOSApp.swift; sourceTree = "<group>"; };
		10AB1B1C2C61933B000AAFD2 /* ContentView.swift */ = {isa = PBXFileReference; lastKnownFileType = sourcecode.swift; path = ContentView.swift; sourceTree = "<group>"; };
		10AB1B1E2C61933F000AAFD2 /* Assets.xcassets */ = {isa = PBXFileReference; lastKnownFileType = folder.assetcatalog; path = Assets.xcassets; sourceTree = "<group>"; };
		10AB1B212C61933F000AAFD2 /* Preview Assets.xcassets */ = {isa = PBXFileReference; lastKnownFileType = folder.assetcatalog; path = "Preview Assets.xcassets"; sourceTree = "<group>"; };
		10AB1B272C619340000AAFD2 /* MeusExerciciosIOSTests.xctest */ = {isa = PBXFileReference; explicitFileType = wrapper.cfbundle; includeInIndex = 0; path = MeusExerciciosIOSTests.xctest; sourceTree = BUILT_PRODUCTS_DIR; };
		10AB1B2B2C619340000AAFD2 /* MeusExerciciosIOSTests.swift */ = {isa = PBXFileReference; lastKnownFileType = sourcecode.swift; path = MeusExerciciosIOSTests.swift; sourceTree = "<group>"; };
		10AB1B312C619340000AAFD2 /* MeusExerciciosIOSUITests.xctest */ = {isa = PBXFileReference; explicitFileType = wrapper.cfbundle; includeInIndex = 0; path = MeusExerciciosIOSUITests.xctest; sourceTree = BUILT_PRODUCTS_DIR; };
		10AB1B352C619340000AAFD2 /* MeusExerciciosIOSUITests.swift */ = {isa = PBXFileReference; lastKnownFileType = sourcecode.swift; path = MeusExerciciosIOSUITests.swift; sourceTree = "<group>"; };
		10AB1B372C619340000AAFD2 /* MeusExerciciosIOSUITestsLaunchTests.swift */ = {isa = PBXFileReference; lastKnownFileType = sourcecode.swift; path = MeusExerciciosIOSUITestsLaunchTests.swift; sourceTree = "<group>"; };
/* End PBXFileReference section */

/* Begin PBXFrameworksBuildPhase section */
		10AB1B142C61933B000AAFD2 /* Frameworks */ = {
			isa = PBXFrameworksBuildPhase;
			buildActionMask = 2147483647;
			files = (
			);
			runOnlyForDeploymentPostprocessing = 0;
		};
		10AB1B242C619340000AAFD2 /* Frameworks */ = {
			isa = PBXFrameworksBuildPhase;
			buildActionMask = 2147483647;
			files = (
			);
			runOnlyForDeploymentPostprocessing = 0;
		};
		10AB1B2E2C619340000AAFD2 /* Frameworks */ = {
			isa = PBXFrameworksBuildPhase;
			buildActionMask = 2147483647;
			files = (
			);
			runOnlyForDeploymentPostprocessing = 0;
		};
/* End PBXFrameworksBuildPhase section */

/* Begin PBXGroup section */
		10AB1B0E2C61933B000AAFD2 = {
			isa = PBXGroup;
			children = (
				10AB1B192C61933B000AAFD2 /* MeusExerciciosIOS */,
				10AB1B2A2C619340000AAFD2 /* MeusExerciciosIOSTests */,
				10AB1B342C619340000AAFD2 /* MeusExerciciosIOSUITests */,
				10AB1B182C61933B000AAFD2 /* Products */,
			);
			sourceTree = "<group>";
		};
		10AB1B182C61933B000AAFD2 /* Products */ = {
			isa = PBXGroup;
			children = (
				10AB1B172C61933B000AAFD2 /* MeusExerciciosIOS.app */,
				10AB1B272C619340000AAFD2 /* MeusExerciciosIOSTests.xctest */,
				10AB1B312C619340000AAFD2 /* MeusExerciciosIOSUITests.xctest */,
			);
			name = Products;
			sourceTree = "<group>";
		};
		10AB1B192C61933B000AAFD2 /* MeusExerciciosIOS */ = {
			isa = PBXGroup;
			children = (
				10AB1B1A2C61933B000AAFD2 /* MeusExerciciosIOSApp.swift */,
				10AB1B1C2C61933B000AAFD2 /* ContentView.swift */,
				10AB1B1E2C61933F000AAFD2 /* Assets.xcassets */,
				10AB1B202C61933F000AAFD2 /* Preview Content */,
			);
			path = MeusExerciciosIOS;
			sourceTree = "<group>";
		};
		10AB1B202C61933F000AAFD2 /* Preview Content */ = {
			isa = PBXGroup;
			children = (
				10AB1B212C61933F000AAFD2 /* Preview Assets.xcassets */,
			);
			path = "Preview Content";
			sourceTree = "<group>";
		};
		10AB1B2A2C619340000AAFD2 /* MeusExerciciosIOSTests */ = {
			isa = PBXGroup;
			children = (
				10AB1B2B2C619340000AAFD2 /* MeusExerciciosIOSTests.swift */,
			);
			path = MeusExerciciosIOSTests;
			sourceTree = "<group>";
		};
		10AB1B342C619340000AAFD2 /* MeusExerciciosIOSUITests */ = {
			isa = PBXGroup;
			children = (
				10AB1B352C619340000AAFD2 /* MeusExerciciosIOSUITests.swift */,
				10AB1B372C619340000AAFD2 /* MeusExerciciosIOSUITestsLaunchTests.swift */,
			);
			path = MeusExerciciosIOSUITests;
			sourceTree = "<group>";
		};
/* End PBXGroup section */

/* Begin PBXNativeTarget section */
		10AB1B162C61933B000AAFD2 /* MeusExerciciosIOS */ = {
			isa = PBXNativeTarget;
			buildConfigurationList = 10AB1B3B2C619340000AAFD2 /* Build configuration list for PBXNativeTarget "MeusExerciciosIOS" */;
			buildPhases = (
				10AB1B132C61933B000AAFD2 /* Sources */,
				10AB1B142C61933B000AAFD2 /* Frameworks */,
				10AB1B152C61933B000AAFD2 /* Resources */,
			);
			buildRules = (
			);
			dependencies = (
			);
			name = MeusExerciciosIOS;
			productName = MeusExerciciosIOS;
			productReference = 10AB1B172C61933B000AAFD2 /* MeusExerciciosIOS.app */;
			productType = "com.apple.product-type.application";
		};
		10AB1B262C619340000AAFD2 /* MeusExerciciosIOSTests */ = {
			isa = PBXNativeTarget;
			buildConfigurationList = 10AB1B3E2C619340000AAFD2 /* Build configuration list for PBXNativeTarget "MeusExerciciosIOSTests" */;
			buildPhases = (
				10AB1B232C619340000AAFD2 /* Sources */,
				10AB1B242C619340000AAFD2 /* Frameworks */,
				10AB1B252C619340000AAFD2 /* Resources */,
			);
			buildRules = (
			);
			dependencies = (
				10AB1B292C619340000AAFD2 /* PBXTargetDependency */,
			);
			name = MeusExerciciosIOSTests;
			productName = MeusExerciciosIOSTests;
			productReference = 10AB1B272C619340000AAFD2 /* MeusExerciciosIOSTests.xctest */;
			productType = "com.apple.product-type.bundle.unit-test";
		};
		10AB1B302C619340000AAFD2 /* MeusExerciciosIOSUITests */ = {
			isa = PBXNativeTarget;
			buildConfigurationList = 10AB1B412C619340000AAFD2 /* Build configuration list for PBXNativeTarget "MeusExerciciosIOSUITests" */;
			buildPhases = (
				10AB1B2D2C619340000AAFD2 /* Sources */,
				10AB1B2E2C619340000AAFD2 /* Frameworks */,
				10AB1B2F2C619340000AAFD2 /* Resources */,
			);
			buildRules = (
			);
			dependencies = (
				10AB1B332C619340000AAFD2 /* PBXTargetDependency */,
			);
			name = MeusExerciciosIOSUITests;
			productName = MeusExerciciosIOSUITests;
			productReference = 10AB1B312C619340000AAFD2 /* MeusExerciciosIOSUITests.xctest */;
			productType = "com.apple.product-type.bundle.ui-testing";
		};
/* End PBXNativeTarget section */

/* Begin PBXProject section */
		10AB1B0F2C61933B000AAFD2 /* Project object */ = {
			isa = PBXProject;
			attributes = {
				BuildIndependentTargetsInParallel = 1;
				LastSwiftUpdateCheck = 1540;
				LastUpgradeCheck = 1540;
				TargetAttributes = {
					10AB1B162C61933B000AAFD2 = {
						CreatedOnToolsVersion = 15.4;
					};
					10AB1B262C619340000AAFD2 = {
						CreatedOnToolsVersion = 15.4;
						TestTargetID = 10AB1B162C61933B000AAFD2;
					};
					10AB1B302C619340000AAFD2 = {
						CreatedOnToolsVersion = 15.4;
						TestTargetID = 10AB1B162C61933B000AAFD2;
					};
				};
			};
			buildConfigurationList = 10AB1B122C61933B000AAFD2 /* Build configuration list for PBXProject "MeusExerciciosIOS" */;
			compatibilityVersion = "Xcode 14.0";
			developmentRegion = en;
			hasScannedForEncodings = 0;
			knownRegions = (
				en,
				Base,
			);
			mainGroup = 10AB1B0E2C61933B000AAFD2;
			productRefGroup = 10AB1B182C61933B000AAFD2 /* Products */;
			projectDirPath = "";
			projectRoot = "";
			targets = (
				10AB1B162C61933B000AAFD2 /* MeusExerciciosIOS */,
				10AB1B262C619340000AAFD2 /* MeusExerciciosIOSTests */,
				10AB1B302C619340000AAFD2 /* MeusExerciciosIOSUITests */,
			);
		};
/* End PBXProject section */

/* Begin PBXResourcesBuildPhase section */
		10AB1B152C61933B000AAFD2 /* Resources */ = {
			isa = PBXResourcesBuildPhase;
			buildActionMask = 2147483647;
			files = (
				10AB1B222C61933F000AAFD2 /* Preview Assets.xcassets in Resources */,
				10AB1B1F2C61933F000AAFD2 /* Assets.xcassets in Resources */,
			);
			runOnlyForDeploymentPostprocessing = 0;
		};
		10AB1B252C619340000AAFD2 /* Resources */ = {
			isa = PBXResourcesBuildPhase;
			buildActionMask = 2147483647;
			files = (
			);
			runOnlyForDeploymentPostprocessing = 0;
		};
		10AB1B2F2C619340000AAFD2 /* Resources */ = {
			isa = PBXResourcesBuildPhase;
			buildActionMask = 2147483647;
			files = (
			);
			runOnlyForDeploymentPostprocessing = 0;
		};
/* End PBXResourcesBuildPhase section */

/* Begin PBXSourcesBuildPhase section */
		10AB1B132C61933B000AAFD2 /* Sources */ = {
			isa = PBXSourcesBuildPhase;
			buildActionMask = 2147483647;
			files = (
				10AB1B1D2C61933B000AAFD2 /* ContentView.swift in Sources */,
				10AB1B1B2C61933B000AAFD2 /* MeusExerciciosIOSApp.swift in Sources */,
			);
			runOnlyForDeploymentPostprocessing = 0;
		};
		10AB1B232C619340000AAFD2 /* Sources */ = {
			isa = PBXSourcesBuildPhase;
			buildActionMask = 2147483647;
			files = (
				10AB1B2C2C619340000AAFD2 /* MeusExerciciosIOSTests.swift in Sources */,
			);
			runOnlyForDeploymentPostprocessing = 0;
		};
		10AB1B2D2C619340000AAFD2 /* Sources */ = {
			isa = PBXSourcesBuildPhase;
			buildActionMask = 2147483647;
			files = (
				10AB1B382C619340000AAFD2 /* MeusExerciciosIOSUITestsLaunchTests.swift in Sources */,
				10AB1B362C619340000AAFD2 /* MeusExerciciosIOSUITests.swift in Sources */,
			);
			runOnlyForDeploymentPostprocessing = 0;
		};
/* End PBXSourcesBuildPhase section */

/* Begin PBXTargetDependency section */
		10AB1B292C619340000AAFD2 /* PBXTargetDependency */ = {
			isa = PBXTargetDependency;
			target = 10AB1B162C61933B000AAFD2 /* MeusExerciciosIOS */;
			targetProxy = 10AB1B282C619340000AAFD2 /* PBXContainerItemProxy */;
		};
		10AB1B332C619340000AAFD2 /* PBXTargetDependency */ = {
			isa = PBXTargetDependency;
			target = 10AB1B162C61933B000AAFD2 /* MeusExerciciosIOS */;
			targetProxy = 10AB1B322C619340000AAFD2 /* PBXContainerItemProxy */;
		};
/* End PBXTargetDependency section */

/* Begin XCBuildConfiguration section */
		10AB1B392C619340000AAFD2 /* Debug */ = {
			isa = XCBuildConfiguration;
			buildSettings = {
				ALWAYS_SEARCH_USER_PATHS = NO;
				ASSETCATALOG_COMPILER_GENERATE_SWIFT_ASSET_SYMBOL_EXTENSIONS = YES;
				CLANG_ANALYZER_NONNULL = YES;
				CLANG_ANALYZER_NUMBER_OBJECT_CONVERSION = YES_AGGRESSIVE;
				CLANG_CXX_LANGUAGE_STANDARD = "gnu++20";
				CLANG_ENABLE_MODULES = YES;
				CLANG_ENABLE_OBJC_ARC = YES;
				CLANG_ENABLE_OBJC_WEAK = YES;
				CLANG_WARN_BLOCK_CAPTURE_AUTORELEASING = YES;
				CLANG_WARN_BOOL_CONVERSION = YES;
				CLANG_WARN_COMMA = YES;
				CLANG_WARN_CONSTANT_CONVERSION = YES;
				CLANG_WARN_DEPRECATED_OBJC_IMPLEMENTATIONS = YES;
				CLANG_WARN_DIRECT_OBJC_ISA_USAGE = YES_ERROR;
				CLANG_WARN_DOCUMENTATION_COMMENTS = YES;
				CLANG_WARN_EMPTY_BODY = YES;
				CLANG_WARN_ENUM_CONVERSION = YES;
				CLANG_WARN_INFINITE_RECURSION = YES;
				CLANG_WARN_INT_CONVERSION = YES;
				CLANG_WARN_NON_LITERAL_NULL_CONVERSION = YES;
				CLANG_WARN_OBJC_IMPLICIT_RETAIN_SELF = YES;
				CLANG_WARN_OBJC_LITERAL_CONVERSION = YES;
				CLANG_WARN_OBJC_ROOT_CLASS = YES_ERROR;
				CLANG_WARN_QUOTED_INCLUDE_IN_FRAMEWORK_HEADER = YES;
				CLANG_WARN_RANGE_LOOP_ANALYSIS = YES;
				CLANG_WARN_STRICT_PROTOTYPES = YES;
				CLANG_WARN_SUSPICIOUS_MOVE = YES;
				CLANG_WARN_UNGUARDED_AVAILABILITY = YES_AGGRESSIVE;
				CLANG_WARN_UNREACHABLE_CODE = YES;
				CLANG_WARN__DUPLICATE_METHOD_MATCH = YES;
				COPY_PHASE_STRIP = NO;
				DEBUG_INFORMATION_FORMAT = dwarf;
				ENABLE_STRICT_OBJC_MSGSEND = YES;
				ENABLE_TESTABILITY = YES;
				ENABLE_USER_SCRIPT_SANDBOXING = YES;
				GCC_C_LANGUAGE_STANDARD = gnu17;
				GCC_DYNAMIC_NO_PIC = NO;
				GCC_NO_COMMON_BLOCKS = YES;
				GCC_OPTIMIZATION_LEVEL = 0;
				GCC_PREPROCESSOR_DEFINITIONS = (
					"DEBUG=1",
					"$(inherited)",
				);
				GCC_WARN_64_TO_32_BIT_CONVERSION = YES;
				GCC_WARN_ABOUT_RETURN_TYPE = YES_ERROR;
				GCC_WARN_UNDECLARED_SELECTOR = YES;
				GCC_WARN_UNINITIALIZED_AUTOS = YES_AGGRESSIVE;
				GCC_WARN_UNUSED_FUNCTION = YES;
				GCC_WARN_UNUSED_VARIABLE = YES;
				IPHONEOS_DEPLOYMENT_TARGET = 17.5;
				LOCALIZATION_PREFERS_STRING_CATALOGS = YES;
				MTL_ENABLE_DEBUG_INFO = INCLUDE_SOURCE;
				MTL_FAST_MATH = YES;
				ONLY_ACTIVE_ARCH = YES;
				SDKROOT = iphoneos;
				SWIFT_ACTIVE_COMPILATION_CONDITIONS = "DEBUG $(inherited)";
				SWIFT_OPTIMIZATION_LEVEL = "-Onone";
			};
			name = Debug;
		};
		10AB1B3A2C619340000AAFD2 /* Release */ = {
			isa = XCBuildConfiguration;
			buildSettings = {
				ALWAYS_SEARCH_USER_PATHS = NO;
				ASSETCATALOG_COMPILER_GENERATE_SWIFT_ASSET_SYMBOL_EXTENSIONS = YES;
				CLANG_ANALYZER_NONNULL = YES;
				CLANG_ANALYZER_NUMBER_OBJECT_CONVERSION = YES_AGGRESSIVE;
				CLANG_CXX_LANGUAGE_STANDARD = "gnu++20";
				CLANG_ENABLE_MODULES = YES;
				CLANG_ENABLE_OBJC_ARC = YES;
				CLANG_ENABLE_OBJC_WEAK = YES;
				CLANG_WARN_BLOCK_CAPTURE_AUTORELEASING = YES;
				CLANG_WARN_BOOL_CONVERSION = YES;
				CLANG_WARN_COMMA = YES;
				CLANG_WARN_CONSTANT_CONVERSION = YES;
				CLANG_WARN_DEPRECATED_OBJC_IMPLEMENTATIONS = YES;
				CLANG_WARN_DIRECT_OBJC_ISA_USAGE = YES_ERROR;
				CLANG_WARN_DOCUMENTATION_COMMENTS = YES;
				CLANG_WARN_EMPTY_BODY = YES;
				CLANG_WARN_ENUM_CONVERSION = YES;
				CLANG_WARN_INFINITE_RECURSION = YES;
				CLANG_WARN_INT_CONVERSION = YES;
				CLANG_WARN_NON_LITERAL_NULL_CONVERSION = YES;
				CLANG_WARN_OBJC_IMPLICIT_RETAIN_SELF = YES;
				CLANG_WARN_OBJC_LITERAL_CONVERSION = YES;
				CLANG_WARN_OBJC_ROOT_CLASS = YES_ERROR;
				CLANG_WARN_QUOTED_INCLUDE_IN_FRAMEWORK_HEADER = YES;
				CLANG_WARN_RANGE_LOOP_ANALYSIS = YES;
				CLANG_WARN_STRICT_PROTOTYPES = YES;
				CLANG_WARN_SUSPICIOUS_MOVE = YES;
				CLANG_WARN_UNGUARDED_AVAILABILITY = YES_AGGRESSIVE;
				CLANG_WARN_UNREACHABLE_CODE = YES;
				CLANG_WARN__DUPLICATE_METHOD_MATCH = YES;
				COPY_PHASE_STRIP = NO;
				DEBUG_INFORMATION_FORMAT = "dwarf-with-dsym";
				ENABLE_NS_ASSERTIONS = NO;
				ENABLE_STRICT_OBJC_MSGSEND = YES;
				ENABLE_USER_SCRIPT_SANDBOXING = YES;
				GCC_C_LANGUAGE_STANDARD = gnu17;
				GCC_NO_COMMON_BLOCKS = YES;
				GCC_WARN_64_TO_32_BIT_CONVERSION = YES;
				GCC_WARN_ABOUT_RETURN_TYPE = YES_ERROR;
				GCC_WARN_UNDECLARED_SELECTOR = YES;
				GCC_WARN_UNINITIALIZED_AUTOS = YES_AGGRESSIVE;
				GCC_WARN_UNUSED_FUNCTION = YES;
				GCC_WARN_UNUSED_VARIABLE = YES;
				IPHONEOS_DEPLOYMENT_TARGET = 17.5;
				LOCALIZATION_PREFERS_STRING_CATALOGS = YES;
				MTL_ENABLE_DEBUG_INFO = NO;
				MTL_FAST_MATH = YES;
				SDKROOT = iphoneos;
				SWIFT_COMPILATION_MODE = wholemodule;
				VALIDATE_PRODUCT = YES;
			};
			name = Release;
		};
		10AB1B3C2C619340000AAFD2 /* Debug */ = {
			isa = XCBuildConfiguration;
			buildSettings = {
				ASSETCATALOG_COMPILER_APPICON_NAME = AppIcon;
				ASSETCATALOG_COMPILER_GLOBAL_ACCENT_COLOR_NAME = AccentColor;
				CODE_SIGN_STYLE = Automatic;
				CURRENT_PROJECT_VERSION = 1;
				DEVELOPMENT_ASSET_PATHS = "\"MeusExerciciosIOS/Preview Content\"";
				ENABLE_PREVIEWS = YES;
				GENERATE_INFOPLIST_FILE = YES;
				INFOPLIST_KEY_UIApplicationSceneManifest_Generation = YES;
				INFOPLIST_KEY_UIApplicationSupportsIndirectInputEvents = YES;
				INFOPLIST_KEY_UILaunchScreen_Generation = YES;
				INFOPLIST_KEY_UISupportedInterfaceOrientations_iPad = "UIInterfaceOrientationPortrait UIInterfaceOrientationPortraitUpsideDown UIInterfaceOrientationLandscapeLeft UIInterfaceOrientationLandscapeRight";
				INFOPLIST_KEY_UISupportedInterfaceOrientations_iPhone = "UIInterfaceOrientationPortrait UIInterfaceOrientationLandscapeLeft UIInterfaceOrientationLandscapeRight";
				LD_RUNPATH_SEARCH_PATHS = (
					"$(inherited)",
					"@executable_path/Frameworks",
				);
				MARKETING_VERSION = 1.0;
				PRODUCT_BUNDLE_IDENTIFIER = co.felipesilva.MeusExerciciosIOS;
				PRODUCT_NAME = "$(TARGET_NAME)";
				SWIFT_EMIT_LOC_STRINGS = YES;
				SWIFT_VERSION = 5.0;
				TARGETED_DEVICE_FAMILY = "1,2";
			};
			name = Debug;
		};
		10AB1B3D2C619340000AAFD2 /* Release */ = {
			isa = XCBuildConfiguration;
			buildSettings = {
				ASSETCATALOG_COMPILER_APPICON_NAME = AppIcon;
				ASSETCATALOG_COMPILER_GLOBAL_ACCENT_COLOR_NAME = AccentColor;
				CODE_SIGN_STYLE = Automatic;
				CURRENT_PROJECT_VERSION = 1;
				DEVELOPMENT_ASSET_PATHS = "\"MeusExerciciosIOS/Preview Content\"";
				ENABLE_PREVIEWS = YES;
				GENERATE_INFOPLIST_FILE = YES;
				INFOPLIST_KEY_UIApplicationSceneManifest_Generation = YES;
				INFOPLIST_KEY_UIApplicationSupportsIndirectInputEvents = YES;
				INFOPLIST_KEY_UILaunchScreen_Generation = YES;
				INFOPLIST_KEY_UISupportedInterfaceOrientations_iPad = "UIInterfaceOrientationPortrait UIInterfaceOrientationPortraitUpsideDown UIInterfaceOrientationLandscapeLeft UIInterfaceOrientationLandscapeRight";
				INFOPLIST_KEY_UISupportedInterfaceOrientations_iPhone = "UIInterfaceOrientationPortrait UIInterfaceOrientationLandscapeLeft UIInterfaceOrientationLandscapeRight";
				LD_RUNPATH_SEARCH_PATHS = (
					"$(inherited)",
					"@executable_path/Frameworks",
				);
				MARKETING_VERSION = 1.0;
				PRODUCT_BUNDLE_IDENTIFIER = co.felipesilva.MeusExerciciosIOS;
				PRODUCT_NAME = "$(TARGET_NAME)";
				SWIFT_EMIT_LOC_STRINGS = YES;
				SWIFT_VERSION = 5.0;
				TARGETED_DEVICE_FAMILY = "1,2";
			};
			name = Release;
		};
		10AB1B3F2C619340000AAFD2 /* Debug */ = {
			isa = XCBuildConfiguration;
			buildSettings = {
				ALWAYS_EMBED_SWIFT_STANDARD_LIBRARIES = YES;
				BUNDLE_LOADER = "$(TEST_HOST)";
				CODE_SIGN_STYLE = Automatic;
				CURRENT_PROJECT_VERSION = 1;
				GENERATE_INFOPLIST_FILE = YES;
				IPHONEOS_DEPLOYMENT_TARGET = 17.5;
				MARKETING_VERSION = 1.0;
				PRODUCT_BUNDLE_IDENTIFIER = co.felipesilva.MeusExerciciosIOSTests;
				PRODUCT_NAME = "$(TARGET_NAME)";
				SWIFT_EMIT_LOC_STRINGS = NO;
				SWIFT_VERSION = 5.0;
				TARGETED_DEVICE_FAMILY = "1,2";
				TEST_HOST = "$(BUILT_PRODUCTS_DIR)/MeusExerciciosIOS.app/$(BUNDLE_EXECUTABLE_FOLDER_PATH)/MeusExerciciosIOS";
			};
			name = Debug;
		};
		10AB1B402C619340000AAFD2 /* Release */ = {
			isa = XCBuildConfiguration;
			buildSettings = {
				ALWAYS_EMBED_SWIFT_STANDARD_LIBRARIES = YES;
				BUNDLE_LOADER = "$(TEST_HOST)";
				CODE_SIGN_STYLE = Automatic;
				CURRENT_PROJECT_VERSION = 1;
				GENERATE_INFOPLIST_FILE = YES;
				IPHONEOS_DEPLOYMENT_TARGET = 17.5;
				MARKETING_VERSION = 1.0;
				PRODUCT_BUNDLE_IDENTIFIER = co.felipesilva.MeusExerciciosIOSTests;
				PRODUCT_NAME = "$(TARGET_NAME)";
				SWIFT_EMIT_LOC_STRINGS = NO;
				SWIFT_VERSION = 5.0;
				TARGETED_DEVICE_FAMILY = "1,2";
				TEST_HOST = "$(BUILT_PRODUCTS_DIR)/MeusExerciciosIOS.app/$(BUNDLE_EXECUTABLE_FOLDER_PATH)/MeusExerciciosIOS";
			};
			name = Release;
		};
		10AB1B422C619340000AAFD2 /* Debug */ = {
			isa = XCBuildConfiguration;
			buildSettings = {
				ALWAYS_EMBED_SWIFT_STANDARD_LIBRARIES = YES;
				CODE_SIGN_STYLE = Automatic;
				CURRENT_PROJECT_VERSION = 1;
				GENERATE_INFOPLIST_FILE = YES;
				MARKETING_VERSION = 1.0;
				PRODUCT_BUNDLE_IDENTIFIER = co.felipesilva.MeusExerciciosIOSUITests;
				PRODUCT_NAME = "$(TARGET_NAME)";
				SWIFT_EMIT_LOC_STRINGS = NO;
				SWIFT_VERSION = 5.0;
				TARGETED_DEVICE_FAMILY = "1,2";
				TEST_TARGET_NAME = MeusExerciciosIOS;
			};
			name = Debug;
		};
		10AB1B432C619340000AAFD2 /* Release */ = {
			isa = XCBuildConfiguration;
			buildSettings = {
				ALWAYS_EMBED_SWIFT_STANDARD_LIBRARIES = YES;
				CODE_SIGN_STYLE = Automatic;
				CURRENT_PROJECT_VERSION = 1;
				GENERATE_INFOPLIST_FILE = YES;
				MARKETING_VERSION = 1.0;
				PRODUCT_BUNDLE_IDENTIFIER = co.felipesilva.MeusExerciciosIOSUITests;
				PRODUCT_NAME = "$(TARGET_NAME)";
				SWIFT_EMIT_LOC_STRINGS = NO;
				SWIFT_VERSION = 5.0;
				TARGETED_DEVICE_FAMILY = "1,2";
				TEST_TARGET_NAME = MeusExerciciosIOS;
			};
			name = Release;
		};
/* End XCBuildConfiguration section */

/* Begin XCConfigurationList section */
		10AB1B122C61933B000AAFD2 /* Build configuration list for PBXProject "MeusExerciciosIOS" */ = {
			isa = XCConfigurationList;
			buildConfigurations = (
				10AB1B392C619340000AAFD2 /* Debug */,
				10AB1B3A2C619340000AAFD2 /* Release */,
			);
			defaultConfigurationIsVisible = 0;
			defaultConfigurationName = Release;
		};
		10AB1B3B2C619340000AAFD2 /* Build configuration list for PBXNativeTarget "MeusExerciciosIOS" */ = {
			isa = XCConfigurationList;
			buildConfigurations = (
				10AB1B3C2C619340000AAFD2 /* Debug */,
				10AB1B3D2C619340000AAFD2 /* Release */,
			);
			defaultConfigurationIsVisible = 0;
			defaultConfigurationName = Release;
		};
		10AB1B3E2C619340000AAFD2 /* Build configuration list for PBXNativeTarget "MeusExerciciosIOSTests" */ = {
			isa = XCConfigurationList;
			buildConfigurations = (
				10AB1B3F2C619340000AAFD2 /* Debug */,
				10AB1B402C619340000AAFD2 /* Release */,
			);
			defaultConfigurationIsVisible = 0;
			defaultConfigurationName = Release;
		};
		10AB1B412C619340000AAFD2 /* Build configuration list for PBXNativeTarget "MeusExerciciosIOSUITests" */ = {
			isa = XCConfigurationList;
			buildConfigurations = (
				10AB1B422C619340000AAFD2 /* Debug */,
				10AB1B432C619340000AAFD2 /* Release */,
			);
			defaultConfigurationIsVisible = 0;
			defaultConfigurationName = Release;
		};
/* End XCConfigurationList section */
	};
	rootObject = 10AB1B0F2C61933B000AAFD2 /* Project object */;
}
